
Microsoft Visual Studio Solution File, Format Version 12.00
# Visual Studio 15
VisualStudioVersion = 15.0.28307.572
MinimumVisualStudioVersion = 10.0.40219.1
Project("{FAE04EC0-301F-11D3-BF4B-00C04F79EFBC}") = "RevealTestApplication", "RevealTestApplication\RevealTestApplication.csproj", "{76CB2045-36FF-48DD-94A9-D876E72A4396}"
EndProject
Global
	GlobalSection(SolutionConfigurationPlatforms) = preSolution
		Debug|Any CPU = Debug|Any CPU
		Release|Any CPU = Release|Any CPU
	EndGlobalSection
	GlobalSection(ProjectConfigurationPlatforms) = postSolution
		{76CB2045-36FF-48DD-94A9-D876E72A4396}.Debug|Any CPU.ActiveCfg = Debug|Any CPU
		{76CB2045-36FF-48DD-94A9-D876E72A4396}.Debug|Any CPU.Build.0 = Debug|Any CPU
		{76CB2045-36FF-48DD-94A9-D876E72A4396}.Release|Any CPU.ActiveCfg = Release|Any CPU
		{76CB2045-36FF-48DD-94A9-D876E72A4396}.Release|Any CPU.Build.0 = Release|Any CPU
	EndGlobalSection
	GlobalSection(SolutionProperties) = preSolution
		HideSolutionNode = FALSE
	EndGlobalSection
	GlobalSection(ExtensibilityGlobals) = postSolution
		SolutionGuid = {4C37F8DB-A52D-4587-821F-331AEA21C280}
	EndGlobalSection
EndGlobal
